{
  "pins" : [
    {
      "identity" : "alamofire",
      "kind" : "remoteSourceControl",
      "location" : "https://github.com/Alamofire/Alamofire.git",
      "state" : {
        "revision" : "f96b619bcb2383b43d898402283924b80e2c4bae",
        "version" : "5.4.3"
      }
    },
    {
      "identity" : "codex",
      "kind" : "remoteSourceControl",
      "location" : "https://github.com/Incetro/codex.git",
      "state" : {
        "revision" : "fa43df3cdda144ee97ad359d48f81e2d1063f81e",
        "version" : "0.2.4"
      }
    },
    {
      "identity" : "combine-extensions",
      "kind" : "remoteSourceControl",
      "location" : "https://github.com/Incetro/combine-extensions.git",
      "state" : {
        "branch" : "main",
        "revision" : "200e01af030921bcc62a4910143cd624c7c30f93"
      }
    },
    {
      "identity" : "combine-schedulers",
      "kind" : "remoteSourceControl",
      "location" : "https://github.com/pointfreeco/combine-schedulers",
      "state" : {
        "revision" : "ec62f32d21584214a4b27c8cee2b2ad70ab2c38a",
        "version" : "0.11.0"
      }
    },
    {
      "identity" : "dao",
      "kind" : "remoteSourceControl",
      "location" : "https://github.com/Incetro/DAO",
      "state" : {
        "branch" : "master",
        "revision" : "0f1822fc8d6e0619737874624ca246ce1ad11259"
      }
    },
    {
      "identity" : "http-transport",
      "kind" : "remoteSourceControl",
      "location" : "https://github.com/Incetro/http-transport.git",
      "state" : {
        "revision" : "5b40dc06de3db534b2df7e936f0061bf76da27d1",
        "version" : "5.2.8"
      }
    },
    {
      "identity" : "monreau",
      "kind" : "remoteSourceControl",
      "location" : "https://github.com/Incetro/Monreau.git",
      "state" : {
        "branch" : "master",
        "revision" : "0e0eb77d1cfaf808659b4be9df0e90577916e14e"
      }
    },
    {
      "identity" : "realm-core",
      "kind" : "remoteSourceControl",
      "location" : "https://github.com/realm/realm-core.git",
      "state" : {
        "revision" : "f1e962cd447f8b69f8f7cf46a188b1c6246923c5",
        "version" : "13.17.0"
      }
    },
    {
      "identity" : "realm-swift",
      "kind" : "remoteSourceControl",
      "location" : "https://github.com/realm/realm-swift.git",
      "state" : {
        "revision" : "0155caac1a0830a9fbaaffe5866b909fad3a6fc4",
        "version" : "10.41.1"
      }
    },
    {
      "identity" : "service-core",
      "kind" : "remoteSourceControl",
      "location" : "https://github.com/Incetro/service-core",
      "state" : {
        "branch" : "main",
        "revision" : "01b998d9067f6fa952798a94b7a2469f0f0951b4"
      }
    },
    {
      "identity" : "swift-case-paths",
      "kind" : "remoteSourceControl",
      "location" : "https://github.com/pointfreeco/swift-case-paths",
      "state" : {
        "revision" : "fc45e7b2cfece9dd80b5a45e6469ffe67fe67984",
        "version" : "0.14.1"
      }
    },
    {
      "identity" : "swift-clocks",
      "kind" : "remoteSourceControl",
      "location" : "https://github.com/pointfreeco/swift-clocks",
      "state" : {
        "revision" : "0fbaebfc013715dab44d715a4d350ba37f297e4d",
        "version" : "0.4.0"
      }
    },
    {
      "identity" : "swift-collections",
      "kind" : "remoteSourceControl",
      "location" : "https://github.com/apple/swift-collections",
      "state" : {
        "revision" : "937e904258d22af6e447a0b72c0bc67583ef64a2",
        "version" : "1.0.4"
      }
    },
    {
      "identity" : "swift-concurrency-extras",
      "kind" : "remoteSourceControl",
      "location" : "https://github.com/pointfreeco/swift-concurrency-extras",
      "state" : {
        "revision" : "479750bd98fac2e813fffcf2af0728b5b0085795",
        "version" : "0.1.1"
      }
    },
    {
      "identity" : "swift-custom-dump",
      "kind" : "remoteSourceControl",
      "location" : "https://github.com/pointfreeco/swift-custom-dump",
      "state" : {
        "revision" : "4a87bb75be70c983a9548597e8783236feb3401e",
        "version" : "0.11.1"
      }
    },
    {
      "identity" : "swift-identified-collections",
      "kind" : "remoteSourceControl",
      "location" : "https://github.com/pointfreeco/swift-identified-collections",
      "state" : {
        "revision" : "d01446a78fb768adc9a78cbb6df07767c8ccfc29",
        "version" : "0.8.0"
      }
    },
    {
      "identity" : "swiftui-navigation",
      "kind" : "remoteSourceControl",
      "location" : "https://github.com/pointfreeco/swiftui-navigation",
      "state" : {
        "revision" : "2aa885e719087ee19df251c08a5980ad3e787f12",
        "version" : "0.8.0"
      }
    },
    {
      "identity" : "tca",
      "kind" : "remoteSourceControl",
      "location" : "https://github.com/monession/TCA",
      "state" : {
        "branch" : "fix/identifier",
        "revision" : "1b335ec56f3efb522d197febe572f1e174340ff0"
      }
    },
    {
      "identity" : "xctest-dynamic-overlay",
      "kind" : "remoteSourceControl",
      "location" : "https://github.com/pointfreeco/xctest-dynamic-overlay",
      "state" : {
        "revision" : "50843cbb8551db836adec2290bb4bc6bac5c1865",
        "version" : "0.9.0"
      }
    }
  ],
  "version" : 2
}
